# This file is autogenerated, do not edit; changes may be undone by the next 'dep ensure'.


[[projects]]
  digest = "1:e9fa9dc81a1b6f8daa252464eb5b59ec1e9f3a75f037ccc4acd4930c7e47c0f3"
  name = "github.com/felixge/httpsnoop"
  packages = ["."]
  pruneopts = "UT"
  revision = "ef9fc62cdc3cc5abc33d6018fe1324890bb48145"
  version = "v1.0.3"

[[projects]]
  digest = "1:9ff256c9dfa28d8fe056cce6babbd529862b0c340710c62881b80368b5bd5bbf"
  name = "github.com/gorilla/handlers"
  packages = ["."]
  pruneopts = "UT"
  revision = "d453effd20e6817a8acfd9d278dadd21371da0ba"
  version = "v1.5.1"

[[projects]]
  digest = "1:6078383dbb7405bfa3ce16957f37564e3b716afa29b6eb45ffdb6674624d1e0d"
  name = "github.com/gorilla/mux"
  packages = ["."]
  pruneopts = "UT"
  revision = "98cb6bf42e086f6af920b965c38cacc07402d51b"
  version = "v1.8.0"

[[projects]]
  digest = "1:01ed62f8f4f574d8aff1d88caee113700a2b44c42351943fa73cc1808f736a50"
  name = "github.com/jinzhu/inflection"
  packages = ["."]
  pruneopts = "UT"
  revision = "f5c5f50e6090ae76a29240b61ae2a90dd810112e"
  version = "v1.0.0"

[[projects]]
  digest = "1:c1f7314d3cdaaee1f5338a7e7dc325537ecdc42fee56c3e71d1a6b28aba6fe5c"
  name = "github.com/jinzhu/now"
  packages = ["."]
  pruneopts = "UT"
  revision = "f067b166b35a996b9ff5a0f610225e1458f23adc"
  version = "v1.1.5"

[[projects]]
  digest = "1:6e4d71342e43fc82c9072184c638485ce149b5cb508ef79a6267487abb9d9b12"
  name = "github.com/lib/pq"
  packages = [
    ".",
    "oid",
    "scram",
  ]
  pruneopts = "UT"
  revision = "d5affd5073b06f745459768de35356df2e5fd91d"
  version = "v1.10.7"

[[projects]]
  digest = "1:cf0eeff871fb146d0a77cfb6eecc38e79f7458fe6d05726ee59654d9799711ca"
  name = "gorm.io/driver/postgres"
  packages = ["."]
  pruneopts = "UT"
  revision = "2591a12c4fdf62e81734996d0361db21fe90ae45"
  version = "v0.2.4"

[[projects]]
  digest = "1:8a1e79593db6c906a04dbb53cfc7d8bee41849806761c72b050ddca0630ccb0a"
  name = "gorm.io/gorm"
  packages = [
    ".",
    "callbacks",
    "clause",
    "logger",
    "migrator",
    "schema",
    "utils",
  ]
  pruneopts = "UT"
  revision = "4b768c8aff4335eec41b0b393a7978bda1e6194d"
  version = "v1.24.3"

[solve-meta]
  analyzer-name = "dep"
  analyzer-version = 1
  input-imports = [
    "github.com/gorilla/handlers",
    "github.com/gorilla/mux",
    "gorm.io/driver/postgres",
    "gorm.io/gorm",
  ]
  solver-name = "gps-cdcl"
  solver-version = 1
